// 3rd Level Task 1 rewrite
int n = 7;
int m = 3;
int[,] a = new int[n, m];
int x = 0;
Console.WriteLine("Enter elements of matrix");
for (int i = 0; i < n; i++)
{
    for (int j = 0; j < m; j++)
    {
        int.TryParse(Console.ReadLine(), out x);
        a[i, j] = x;
    }
}
Console.WriteLine("Matrix:");
for (int i = 0; i < n; i++)
{
    for (int j = 0; j < m; j++)
    {
        Console.Write(a[i, j] + "\t");
    }
    Console.WriteLine();
}
int[] amin = new int[n];
int[] astr = new int[n];
int imin;
for (int i = 0; i < n; i++)
{
    amin[i] = a[i, 0]; 
    for (int j = 0; j < m; j++)
    {
        if (a[i, j] < amin[i])
        {
            amin[i] = a[i, j];
        }
    }
}
for (int i = 0; i < n; i++)
{
    for (int j = 7 - 1 -1; j >= 0; j--)
    {
        if (amin[j + 1] > amin[j])
        {
            imin = amin[j];
            amin[j] = amin[j + 1];
            amin[j + 1] = imin;
            for (int k = 0; k < 3; k++)
            {
                astr[k] = a[j, k];
                a[j, k] = a[j + 1, k];
                a[j + 1, k] = astr[k]; 
            }
        }
    }
}
        Console.WriteLine("Matrix:");
for (int i = 0; i < n; i++)
{
    for (int j = 0; j < m; j++)
    {
        Console.Write(a[i, j] + "\t");
    }
    Console.WriteLine();
}


//3rd Level Task 10
Console.WriteLine("Enter n and m");
int n = 0;
int m = 0;
int.TryParse(Console.ReadLine(), out n);
int.TryParse(Console.ReadLine(), out m);
int[,] a = new int[n, m];
int x = 0;
Console.WriteLine("Enter elements of a matrix:");
for (int i = 0; i < n; i++)
{
    for (int j = 0; j < m; j++)
    {
        int.TryParse(Console.ReadLine(), out x);
        a[i, j] = x;
    }
}
Console.WriteLine("Matrix:");
for (int i = 0; i < n; i++)
{
    for (int j = 0; j < m; j++)
    {
        Console.Write(a[i, j] + "\t");
    }
    Console.WriteLine();
}
for (int i = 0; i < n; i++)
{
    if (i % 2 == 0)
    {
        int[] b = new int[m];
        for (int j = 0; j < m; j++)
        {
            b[j] = a[i, j];
        }
        Array.Sort(b);
        Array.Reverse(b);
        for (int j = 0; j < m; j++)
        {
            a[i, j] = b[j];
        }
    }
    else
    {
        int[] b = new int[m];
        for (int j = 0; j < m; j++)
        {
            b[j] = a[i, j];
        }
        Array.Sort(b);
        for (int j = 0; j < m; j++)
        {
            a[i, j] = b[j];
        }

    }
}
Console.WriteLine("Matrix:");
for (int i = 0; i < n; i++)
{
    for (int j = 0; j < m; j++)
    {
        Console.Write(a[i, j] + "\t");
    }
    Console.WriteLine();
}


